{
  "name": "budgeter-app",
  "lockfileVersion": 3,
  "packages": {
    "": {
      "name": "budgeter-app",
      "version": "0.0.1",
      "dependencies": {
        "react": "^18.2.0",
        "react-dom": "^18.2.0"
      },
      "devDependencies": {
        "@vitejs/plugin-react": "^5.0.0",
        "vite": "^5.0.0"
      }
    }
  }
}