{
  "name": "budgeter-app",
  "lockfileVersion": 2,
  "requires": true,
  "packages": {
    "": {
      "name": "budgeter-app",
      "version": "0.0.1",
      "dependencies": {
        "react": "^18.2.0",
        "react-dom": "^18.2.0",
        "react-router-dom": "^6.23.0",
        "vite": "^5.0.0"
      }
    },
    "node_modules/react": {
      "version": "18.2.0",
      "resolved": "https://registry.npmjs.org/react/-/react-18.2.0.tgz",
      "integrity": "sha512-...=="
    },
    "node_modules/react-dom": {
      "version": "18.2.0",
      "resolved": "https://registry.npmjs.org/react-dom/-/react-dom-18.2.0.tgz",
      "integrity": "sha512-...=="
    },
    "node_modules/react-router-dom": {
      "version": "6.23.0",
      "resolved": "https://registry.npmjs.org/react-router-dom/-/react-router-dom-6.23.0.tgz",
      "integrity": "sha512-...=="
    },
    "node_modules/vite": {
      "version": "5.0.0",
      "resolved": "https://registry.npmjs.org/vite/-/vite-5.0.0.tgz",
      "integrity": "sha512-...=="
    }
  }
}